// !$*UTF8*$!
{
	archiveVersion = 1;
	classes = {
	};
	objectVersion = 55;
	objects = {

/* Begin PBXBuildFile section */
		10F9A89C5162B38CEBE1B64A /* VideoHelperUITestsAutomated.swift in Sources */ = {isa = PBXBuildFile; fileRef = 508DCDCD753C618D42D4CEC4 /* VideoHelperUITestsAutomated.swift */; };
		17E6EE5DF875468B7D2BBFEC /* ValidationError.swift in Sources */ = {isa = PBXBuildFile; fileRef = 499B3FF8D10E888A7AA73794 /* ValidationError.swift */; };
		190C2DB90EC0C40C4734D666 /* ContentView.swift in Sources */ = {isa = PBXBuildFile; fileRef = 952069720E270731166EBF24 /* ContentView.swift */; };
		1B255F5A4614C69CB70AF4E5 /* QueueItemView.swift in Sources */ = {isa = PBXBuildFile; fileRef = 1DE875B780DC633D45E1CD1A /* QueueItemView.swift */; };
		370A8495D1C66CD67367B2EE /* TuistBundle+VideoHelper.swift in Sources */ = {isa = PBXBuildFile; fileRef = AD0F03A5DB4174699A8AC7D2 /* TuistBundle+VideoHelper.swift */; };
		3847781065CE113FFBF7C7E3 /* TaskStatus.swift in Sources */ = {isa = PBXBuildFile; fileRef = 5F5E2DE8A42C64FDACB0EA86 /* TaskStatus.swift */; };
		54845599426FA9D165A4D33E /* DropZoneView.swift in Sources */ = {isa = PBXBuildFile; fileRef = 859D416A94D38BB4C156752D /* DropZoneView.swift */; };
		61B571AA66877C618732785D /* VideoProcessor.swift in Sources */ = {isa = PBXBuildFile; fileRef = FC94458B7F070A2886BE301E /* VideoProcessor.swift */; };
		6365E156416A36F47BED2AFA /* VideoHelperTests.swift in Sources */ = {isa = PBXBuildFile; fileRef = 678DA9FF89EF2CFBFF9D4DB1 /* VideoHelperTests.swift */; };
		6D11CC11AD1D80C62532EC21 /* TimeFormatter.swift in Sources */ = {isa = PBXBuildFile; fileRef = 8F99C15BC10F559ED8839C81 /* TimeFormatter.swift */; };
		6EECD5D473DDBEC171419DD0 /* ValidationService.swift in Sources */ = {isa = PBXBuildFile; fileRef = 061CFC445E18DE246934ECB9 /* ValidationService.swift */; };
		743C36A183ED9A62953CA4B3 /* Assets.xcassets in Resources */ = {isa = PBXBuildFile; fileRef = AFED211662451451D060A17F /* Assets.xcassets */; };
		79B19C33437762358141EDE9 /* Localizable.strings in Resources */ = {isa = PBXBuildFile; fileRef = DAE6CE8423D20823EE324A61 /* Localizable.strings */; };
		84C47A49FD1E85414EF83F15 /* TuistStrings+VideoHelper.swift in Sources */ = {isa = PBXBuildFile; fileRef = DA7F9C8AD36BC194656F6781 /* TuistStrings+VideoHelper.swift */; };
		9640EF7568BB6EF9296E56CD /* VideoTask.swift in Sources */ = {isa = PBXBuildFile; fileRef = 3B916754D99D281561A7E4F1 /* VideoTask.swift */; };
		9F7F656F1EC9C687E25505E7 /* VideoHelperUITestsLaunchTests.swift in Sources */ = {isa = PBXBuildFile; fileRef = 5CAC6971FCC6A95554279D67 /* VideoHelperUITestsLaunchTests.swift */; };
		9F85B10384F2DCE8839455EA /* Item.swift in Sources */ = {isa = PBXBuildFile; fileRef = C23FEE44B7F155B5508BD2E9 /* Item.swift */; };
		BC77B392691C3CBD70539FC3 /* VideoHelperApp.swift in Sources */ = {isa = PBXBuildFile; fileRef = 88AD1FA67D8F502130FC600A /* VideoHelperApp.swift */; };
		DE3CBB0A2A476C29E6361961 /* ExportPreset.swift in Sources */ = {isa = PBXBuildFile; fileRef = 3282F0E5A733A577A02BCC3F /* ExportPreset.swift */; };
		E4148DA9B6EC557DF8BECBAE /* ProcessingQueueViewModel.swift in Sources */ = {isa = PBXBuildFile; fileRef = E364CC345277E3722818C336 /* ProcessingQueueViewModel.swift */; };
		ED12A317B51E17C27B14881F /* NotificationManager.swift in Sources */ = {isa = PBXBuildFile; fileRef = 3C00F22E1F76FA90A6D818C8 /* NotificationManager.swift */; };
		F2812DD3F1F35FA284D0D41C /* TuistAssets+VideoHelper.swift in Sources */ = {isa = PBXBuildFile; fileRef = A67E6086325315A6DAB6C7DB /* TuistAssets+VideoHelper.swift */; };
		F380829BC342B995A4B90064 /* VideoHelperUITests.swift in Sources */ = {isa = PBXBuildFile; fileRef = 9877EFB1FC4C5E0E8B98588D /* VideoHelperUITests.swift */; };
/* End PBXBuildFile section */

/* Begin PBXContainerItemProxy section */
		308BC533717986F9F3E16FA0 /* PBXContainerItemProxy */ = {
			isa = PBXContainerItemProxy;
			containerPortal = 236B2ADD2FBB91E7A7475E8B /* Project object */;
			proxyType = 1;
			remoteGlobalIDString = 8E611585A54AD5F1D46E28AC;
			remoteInfo = VideoHelper;
		};
		5368BBA74AD59E1FEEC2E57A /* PBXContainerItemProxy */ = {
			isa = PBXContainerItemProxy;
			containerPortal = 236B2ADD2FBB91E7A7475E8B /* Project object */;
			proxyType = 1;
			remoteGlobalIDString = 8E611585A54AD5F1D46E28AC;
			remoteInfo = VideoHelper;
		};
/* End PBXContainerItemProxy section */

/* Begin PBXCopyFilesBuildPhase section */
		31D2F91BF3B61D6392150E3E /* Embed Frameworks */ = {
			isa = PBXCopyFilesBuildPhase;
			buildActionMask = 2147483647;
			dstPath = "";
			dstSubfolderSpec = 10;
			files = (
			);
			name = "Embed Frameworks";
			runOnlyForDeploymentPostprocessing = 0;
		};
		8F1E1FE56FD4D5F068837C86 /* Embed Frameworks */ = {
			isa = PBXCopyFilesBuildPhase;
			buildActionMask = 2147483647;
			dstPath = "";
			dstSubfolderSpec = 10;
			files = (
			);
			name = "Embed Frameworks";
			runOnlyForDeploymentPostprocessing = 0;
		};
		A39EFD0750FBA0EAE18A6E56 /* Embed Frameworks */ = {
			isa = PBXCopyFilesBuildPhase;
			buildActionMask = 2147483647;
			dstPath = "";
			dstSubfolderSpec = 10;
			files = (
			);
			name = "Embed Frameworks";
			runOnlyForDeploymentPostprocessing = 0;
		};
/* End PBXCopyFilesBuildPhase section */

/* Begin PBXFileReference section */
		01BB51E1222F34AA8121450E /* VideoHelper-UITests.xcconfig */ = {isa = PBXFileReference; lastKnownFileType = text.xcconfig; path = "VideoHelper-UITests.xcconfig"; sourceTree = "<group>"; };
		061CFC445E18DE246934ECB9 /* ValidationService.swift */ = {isa = PBXFileReference; lastKnownFileType = sourcecode.swift; path = ValidationService.swift; sourceTree = "<group>"; };
		1AB3B794BB65089FE6C61A90 /* VideoHelper-Tests.xcconfig */ = {isa = PBXFileReference; lastKnownFileType = text.xcconfig; path = "VideoHelper-Tests.xcconfig"; sourceTree = "<group>"; };
		1BAF57EE6978BB5D2C7A53CE /* VideoHelper-Project.xcconfig */ = {isa = PBXFileReference; lastKnownFileType = text.xcconfig; path = "VideoHelper-Project.xcconfig"; sourceTree = "<group>"; };
		1DE875B780DC633D45E1CD1A /* QueueItemView.swift */ = {isa = PBXFileReference; lastKnownFileType = sourcecode.swift; path = QueueItemView.swift; sourceTree = "<group>"; };
		3282F0E5A733A577A02BCC3F /* ExportPreset.swift */ = {isa = PBXFileReference; lastKnownFileType = sourcecode.swift; path = ExportPreset.swift; sourceTree = "<group>"; };
		39F49BA09452559D178EE623 /* VideoHelperUITests-Info.plist */ = {isa = PBXFileReference; lastKnownFileType = text.plist; path = "VideoHelperUITests-Info.plist"; sourceTree = "<group>"; };
		3B916754D99D281561A7E4F1 /* VideoTask.swift */ = {isa = PBXFileReference; lastKnownFileType = sourcecode.swift; path = VideoTask.swift; sourceTree = "<group>"; };
		3C00F22E1F76FA90A6D818C8 /* NotificationManager.swift */ = {isa = PBXFileReference; lastKnownFileType = sourcecode.swift; path = NotificationManager.swift; sourceTree = "<group>"; };
		499B3FF8D10E888A7AA73794 /* ValidationError.swift */ = {isa = PBXFileReference; lastKnownFileType = sourcecode.swift; path = ValidationError.swift; sourceTree = "<group>"; };
		508DCDCD753C618D42D4CEC4 /* VideoHelperUITestsAutomated.swift */ = {isa = PBXFileReference; lastKnownFileType = sourcecode.swift; path = VideoHelperUITestsAutomated.swift; sourceTree = "<group>"; };
		5C490D03114981F3AF8EF078 /* VideoHelper.entitlements */ = {isa = PBXFileReference; lastKnownFileType = text.plist.entitlements; path = VideoHelper.entitlements; sourceTree = "<group>"; };
		5CAC6971FCC6A95554279D67 /* VideoHelperUITestsLaunchTests.swift */ = {isa = PBXFileReference; lastKnownFileType = sourcecode.swift; path = VideoHelperUITestsLaunchTests.swift; sourceTree = "<group>"; };
		5F5E2DE8A42C64FDACB0EA86 /* TaskStatus.swift */ = {isa = PBXFileReference; lastKnownFileType = sourcecode.swift; path = TaskStatus.swift; sourceTree = "<group>"; };
		678CB047148BE2A1B72E8FFB /* VideoHelper-App.xcconfig */ = {isa = PBXFileReference; lastKnownFileType = text.xcconfig; path = "VideoHelper-App.xcconfig"; sourceTree = "<group>"; };
		678DA9FF89EF2CFBFF9D4DB1 /* VideoHelperTests.swift */ = {isa = PBXFileReference; lastKnownFileType = sourcecode.swift; path = VideoHelperTests.swift; sourceTree = "<group>"; };
		6FBAB7613E8466EC07CA4B40 /* VideoHelperTests-Info.plist */ = {isa = PBXFileReference; lastKnownFileType = text.plist; path = "VideoHelperTests-Info.plist"; sourceTree = "<group>"; };
		859D416A94D38BB4C156752D /* DropZoneView.swift */ = {isa = PBXFileReference; lastKnownFileType = sourcecode.swift; path = DropZoneView.swift; sourceTree = "<group>"; };
		88AD1FA67D8F502130FC600A /* VideoHelperApp.swift */ = {isa = PBXFileReference; lastKnownFileType = sourcecode.swift; path = VideoHelperApp.swift; sourceTree = "<group>"; };
		8F99C15BC10F559ED8839C81 /* TimeFormatter.swift */ = {isa = PBXFileReference; lastKnownFileType = sourcecode.swift; path = TimeFormatter.swift; sourceTree = "<group>"; };
		952069720E270731166EBF24 /* ContentView.swift */ = {isa = PBXFileReference; lastKnownFileType = sourcecode.swift; path = ContentView.swift; sourceTree = "<group>"; };
		9877EFB1FC4C5E0E8B98588D /* VideoHelperUITests.swift */ = {isa = PBXFileReference; lastKnownFileType = sourcecode.swift; path = VideoHelperUITests.swift; sourceTree = "<group>"; };
		9B36B2D3658EFDE081C3003A /* VideoHelper.app */ = {isa = PBXFileReference; explicitFileType = wrapper.application; includeInIndex = 0; path = VideoHelper.app; sourceTree = BUILT_PRODUCTS_DIR; };
		A061C0EE9AA8F7B7E7A909E5 /* ru */ = {isa = PBXFileReference; lastKnownFileType = text.plist.strings; name = ru; path = ru.lproj/Localizable.strings; sourceTree = "<group>"; };
		A67E6086325315A6DAB6C7DB /* TuistAssets+VideoHelper.swift */ = {isa = PBXFileReference; lastKnownFileType = sourcecode.swift; path = "TuistAssets+VideoHelper.swift"; sourceTree = "<group>"; };
		AA9293A0FEEDF0A3415CE070 /* VideoHelperTests.xctest */ = {isa = PBXFileReference; explicitFileType = wrapper.cfbundle; includeInIndex = 0; path = VideoHelperTests.xctest; sourceTree = BUILT_PRODUCTS_DIR; };
		AD0F03A5DB4174699A8AC7D2 /* TuistBundle+VideoHelper.swift */ = {isa = PBXFileReference; lastKnownFileType = sourcecode.swift; path = "TuistBundle+VideoHelper.swift"; sourceTree = "<group>"; };
		AFED211662451451D060A17F /* Assets.xcassets */ = {isa = PBXFileReference; lastKnownFileType = folder.assetcatalog; path = Assets.xcassets; sourceTree = "<group>"; };
		C23FEE44B7F155B5508BD2E9 /* Item.swift */ = {isa = PBXFileReference; lastKnownFileType = sourcecode.swift; path = Item.swift; sourceTree = "<group>"; };
		CD16E914519C9B9B542B22E9 /* VideoHelperUITests.xctest */ = {isa = PBXFileReference; explicitFileType = wrapper.cfbundle; includeInIndex = 0; path = VideoHelperUITests.xctest; sourceTree = BUILT_PRODUCTS_DIR; };
		D1D395D155484ADD1B34DE48 /* en */ = {isa = PBXFileReference; lastKnownFileType = text.plist.strings; name = en; path = en.lproj/Localizable.strings; sourceTree = "<group>"; };
		DA7F9C8AD36BC194656F6781 /* TuistStrings+VideoHelper.swift */ = {isa = PBXFileReference; lastKnownFileType = sourcecode.swift; path = "TuistStrings+VideoHelper.swift"; sourceTree = "<group>"; };
		E364CC345277E3722818C336 /* ProcessingQueueViewModel.swift */ = {isa = PBXFileReference; lastKnownFileType = sourcecode.swift; path = ProcessingQueueViewModel.swift; sourceTree = "<group>"; };
		F71224E9B7590467D5AD99A7 /* VideoHelper-Info.plist */ = {isa = PBXFileReference; lastKnownFileType = text.plist; path = "VideoHelper-Info.plist"; sourceTree = "<group>"; };
		FC94458B7F070A2886BE301E /* VideoProcessor.swift */ = {isa = PBXFileReference; lastKnownFileType = sourcecode.swift; path = VideoProcessor.swift; sourceTree = "<group>"; };
/* End PBXFileReference section */

/* Begin PBXFrameworksBuildPhase section */
		2FB1570F926D29D47DA2BA29 /* Frameworks */ = {
			isa = PBXFrameworksBuildPhase;
			buildActionMask = 2147483647;
			files = (
			);
			runOnlyForDeploymentPostprocessing = 0;
		};
		57C20379B48B24D2D0567BFE /* Frameworks */ = {
			isa = PBXFrameworksBuildPhase;
			buildActionMask = 2147483647;
			files = (
			);
			runOnlyForDeploymentPostprocessing = 0;
		};
		6B6045864A903F6FA944F13F /* Frameworks */ = {
			isa = PBXFrameworksBuildPhase;
			buildActionMask = 2147483647;
			files = (
			);
			runOnlyForDeploymentPostprocessing = 0;
		};
/* End PBXFrameworksBuildPhase section */

/* Begin PBXGroup section */
		1302C60F10B2676FC279383C /* Products */ = {
			isa = PBXGroup;
			children = (
				9B36B2D3658EFDE081C3003A /* VideoHelper.app */,
				AA9293A0FEEDF0A3415CE070 /* VideoHelperTests.xctest */,
				CD16E914519C9B9B542B22E9 /* VideoHelperUITests.xctest */,
			);
			name = Products;
			sourceTree = "<group>";
		};
		35B0CBB32F7E5405B9EA3067 = {
			isa = PBXGroup;
			children = (
				1302C60F10B2676FC279383C /* Products */,
				BDD935B4EDF1E31CFAEBB3D8 /* Project */,
			);
			sourceTree = "<group>";
		};
		3AA4E7C1025FDD78042D94F8 /* Models */ = {
			isa = PBXGroup;
			children = (
				3282F0E5A733A577A02BCC3F /* ExportPreset.swift */,
				5F5E2DE8A42C64FDACB0EA86 /* TaskStatus.swift */,
				3B916754D99D281561A7E4F1 /* VideoTask.swift */,
			);
			path = Models;
			sourceTree = "<group>";
		};
		4F9807DE75602B5F91468380 /* xcconfigs */ = {
			isa = PBXGroup;
			children = (
				678CB047148BE2A1B72E8FFB /* VideoHelper-App.xcconfig */,
				1BAF57EE6978BB5D2C7A53CE /* VideoHelper-Project.xcconfig */,
				1AB3B794BB65089FE6C61A90 /* VideoHelper-Tests.xcconfig */,
				01BB51E1222F34AA8121450E /* VideoHelper-UITests.xcconfig */,
			);
			path = xcconfigs;
			sourceTree = "<group>";
		};
		4F9F936CA68805BB973DA30E /* Views */ = {
			isa = PBXGroup;
			children = (
				859D416A94D38BB4C156752D /* DropZoneView.swift */,
				1DE875B780DC633D45E1CD1A /* QueueItemView.swift */,
				8F99C15BC10F559ED8839C81 /* TimeFormatter.swift */,
			);
			path = Views;
			sourceTree = "<group>";
		};
		52B80A43DF93E201ED76424F /* VideoHelper */ = {
			isa = PBXGroup;
			children = (
				3AA4E7C1025FDD78042D94F8 /* Models */,
				8BB60DEA873655381BFCA4B8 /* Resources */,
				8680AAAD79C7EE13F05A7FC2 /* Services */,
				A446370CBA69063B5E416925 /* ViewModels */,
				4F9F936CA68805BB973DA30E /* Views */,
				AFED211662451451D060A17F /* Assets.xcassets */,
				952069720E270731166EBF24 /* ContentView.swift */,
				C23FEE44B7F155B5508BD2E9 /* Item.swift */,
				5C490D03114981F3AF8EF078 /* VideoHelper.entitlements */,
				88AD1FA67D8F502130FC600A /* VideoHelperApp.swift */,
			);
			path = VideoHelper;
			sourceTree = "<group>";
		};
		6EFF899B2EDA61CC0C5D14D5 /* InfoPlists */ = {
			isa = PBXGroup;
			children = (
				F71224E9B7590467D5AD99A7 /* VideoHelper-Info.plist */,
				6FBAB7613E8466EC07CA4B40 /* VideoHelperTests-Info.plist */,
				39F49BA09452559D178EE623 /* VideoHelperUITests-Info.plist */,
			);
			path = InfoPlists;
			sourceTree = "<group>";
		};
		8680AAAD79C7EE13F05A7FC2 /* Services */ = {
			isa = PBXGroup;
			children = (
				3C00F22E1F76FA90A6D818C8 /* NotificationManager.swift */,
				499B3FF8D10E888A7AA73794 /* ValidationError.swift */,
				061CFC445E18DE246934ECB9 /* ValidationService.swift */,
				FC94458B7F070A2886BE301E /* VideoProcessor.swift */,
			);
			path = Services;
			sourceTree = "<group>";
		};
		8BB60DEA873655381BFCA4B8 /* Resources */ = {
			isa = PBXGroup;
			children = (
				DAE6CE8423D20823EE324A61 /* Localizable.strings */,
			);
			path = Resources;
			sourceTree = "<group>";
		};
		8C6F9226A5DE6663936659D2 /* VideoHelperTests */ = {
			isa = PBXGroup;
			children = (
				678DA9FF89EF2CFBFF9D4DB1 /* VideoHelperTests.swift */,
			);
			path = VideoHelperTests;
			sourceTree = "<group>";
		};
		A446370CBA69063B5E416925 /* ViewModels */ = {
			isa = PBXGroup;
			children = (
				E364CC345277E3722818C336 /* ProcessingQueueViewModel.swift */,
			);
			path = ViewModels;
			sourceTree = "<group>";
		};
		BDD935B4EDF1E31CFAEBB3D8 /* Project */ = {
			isa = PBXGroup;
			children = (
				E1F3238AF950E933B79EA786 /* Derived */,
				52B80A43DF93E201ED76424F /* VideoHelper */,
				8C6F9226A5DE6663936659D2 /* VideoHelperTests */,
				D21DC9503273836A97417B31 /* VideoHelperUITests */,
				4F9807DE75602B5F91468380 /* xcconfigs */,
			);
			name = Project;
			sourceTree = "<group>";
		};
		CDFD92EB4475FB72F6804956 /* Sources */ = {
			isa = PBXGroup;
			children = (
				A67E6086325315A6DAB6C7DB /* TuistAssets+VideoHelper.swift */,
				AD0F03A5DB4174699A8AC7D2 /* TuistBundle+VideoHelper.swift */,
				DA7F9C8AD36BC194656F6781 /* TuistStrings+VideoHelper.swift */,
			);
			path = Sources;
			sourceTree = "<group>";
		};
		D21DC9503273836A97417B31 /* VideoHelperUITests */ = {
			isa = PBXGroup;
			children = (
				9877EFB1FC4C5E0E8B98588D /* VideoHelperUITests.swift */,
				508DCDCD753C618D42D4CEC4 /* VideoHelperUITestsAutomated.swift */,
				5CAC6971FCC6A95554279D67 /* VideoHelperUITestsLaunchTests.swift */,
			);
			path = VideoHelperUITests;
			sourceTree = "<group>";
		};
		E1F3238AF950E933B79EA786 /* Derived */ = {
			isa = PBXGroup;
			children = (
				6EFF899B2EDA61CC0C5D14D5 /* InfoPlists */,
				CDFD92EB4475FB72F6804956 /* Sources */,
			);
			path = Derived;
			sourceTree = "<group>";
		};
/* End PBXGroup section */

/* Begin PBXNativeTarget section */
		3F9A2190F4EEEBE4A3CB1987 /* VideoHelperUITests */ = {
			isa = PBXNativeTarget;
			buildConfigurationList = 4F2D4BCCC0EAB798EC729F9B /* Build configuration list for PBXNativeTarget "VideoHelperUITests" */;
			buildPhases = (
				74ABAD6E39BEA2A6BA64AB78 /* Sources */,
				2A9CC0013795EA25C9BF3F69 /* Resources */,
				57C20379B48B24D2D0567BFE /* Frameworks */,
				31D2F91BF3B61D6392150E3E /* Embed Frameworks */,
			);
			buildRules = (
			);
			dependencies = (
				2F7D1745ECB0ADA604A706A4 /* PBXTargetDependency */,
			);
			name = VideoHelperUITests;
			packageProductDependencies = (
			);
			productName = VideoHelperUITests;
			productReference = CD16E914519C9B9B542B22E9 /* VideoHelperUITests.xctest */;
			productType = "com.apple.product-type.bundle.ui-testing";
		};
		8E611585A54AD5F1D46E28AC /* VideoHelper */ = {
			isa = PBXNativeTarget;
			buildConfigurationList = CD8A90AA2A865D32F005373E /* Build configuration list for PBXNativeTarget "VideoHelper" */;
			buildPhases = (
				D4C648CF453B69C556D3EE19 /* Sources */,
				49F7F2A13FD57CD0CB855661 /* Resources */,
				6B6045864A903F6FA944F13F /* Frameworks */,
				8F1E1FE56FD4D5F068837C86 /* Embed Frameworks */,
			);
			buildRules = (
			);
			dependencies = (
			);
			name = VideoHelper;
			packageProductDependencies = (
			);
			productName = VideoHelper;
			productReference = 9B36B2D3658EFDE081C3003A /* VideoHelper.app */;
			productType = "com.apple.product-type.application";
		};
		F74A5CAE4840BF046CB35A58 /* VideoHelperTests */ = {
			isa = PBXNativeTarget;
			buildConfigurationList = 297F7FB962810B69519EE002 /* Build configuration list for PBXNativeTarget "VideoHelperTests" */;
			buildPhases = (
				F7929D380F20B94E78A7E2DB /* Sources */,
				91201642365F77912163F2DD /* Resources */,
				2FB1570F926D29D47DA2BA29 /* Frameworks */,
				A39EFD0750FBA0EAE18A6E56 /* Embed Frameworks */,
			);
			buildRules = (
			);
			dependencies = (
				8B3D6B605B1D707AF1D3773E /* PBXTargetDependency */,
			);
			name = VideoHelperTests;
			packageProductDependencies = (
			);
			productName = VideoHelperTests;
			productReference = AA9293A0FEEDF0A3415CE070 /* VideoHelperTests.xctest */;
			productType = "com.apple.product-type.bundle.unit-test";
		};
/* End PBXNativeTarget section */

/* Begin PBXProject section */
		236B2ADD2FBB91E7A7475E8B /* Project object */ = {
			isa = PBXProject;
			attributes = {
				BuildIndependentTargetsInParallel = YES;
				TargetAttributes = {
					3F9A2190F4EEEBE4A3CB1987 = {
						TestTargetID = 8E611585A54AD5F1D46E28AC;
					};
					F74A5CAE4840BF046CB35A58 = {
						TestTargetID = 8E611585A54AD5F1D46E28AC;
					};
				};
			};
			buildConfigurationList = BC269E7FE934ABF5331F37F8 /* Build configuration list for PBXProject "VideoHelper" */;
			compatibilityVersion = "Xcode 14.0";
			developmentRegion = en;
			hasScannedForEncodings = 0;
			knownRegions = (
				Base,
				en,
				ru,
			);
			mainGroup = 35B0CBB32F7E5405B9EA3067;
			productRefGroup = 1302C60F10B2676FC279383C /* Products */;
			projectDirPath = "";
			projectRoot = "";
			targets = (
				8E611585A54AD5F1D46E28AC /* VideoHelper */,
				F74A5CAE4840BF046CB35A58 /* VideoHelperTests */,
				3F9A2190F4EEEBE4A3CB1987 /* VideoHelperUITests */,
			);
		};
/* End PBXProject section */

/* Begin PBXResourcesBuildPhase section */
		2A9CC0013795EA25C9BF3F69 /* Resources */ = {
			isa = PBXResourcesBuildPhase;
			buildActionMask = 2147483647;
			files = (
			);
			runOnlyForDeploymentPostprocessing = 0;
		};
		49F7F2A13FD57CD0CB855661 /* Resources */ = {
			isa = PBXResourcesBuildPhase;
			buildActionMask = 2147483647;
			files = (
				743C36A183ED9A62953CA4B3 /* Assets.xcassets in Resources */,
				79B19C33437762358141EDE9 /* Localizable.strings in Resources */,
			);
			runOnlyForDeploymentPostprocessing = 0;
		};
		91201642365F77912163F2DD /* Resources */ = {
			isa = PBXResourcesBuildPhase;
			buildActionMask = 2147483647;
			files = (
			);
			runOnlyForDeploymentPostprocessing = 0;
		};
/* End PBXResourcesBuildPhase section */

/* Begin PBXSourcesBuildPhase section */
		74ABAD6E39BEA2A6BA64AB78 /* Sources */ = {
			isa = PBXSourcesBuildPhase;
			buildActionMask = 2147483647;
			files = (
				F380829BC342B995A4B90064 /* VideoHelperUITests.swift in Sources */,
				10F9A89C5162B38CEBE1B64A /* VideoHelperUITestsAutomated.swift in Sources */,
				9F7F656F1EC9C687E25505E7 /* VideoHelperUITestsLaunchTests.swift in Sources */,
			);
			runOnlyForDeploymentPostprocessing = 0;
		};
		D4C648CF453B69C556D3EE19 /* Sources */ = {
			isa = PBXSourcesBuildPhase;
			buildActionMask = 2147483647;
			files = (
				F2812DD3F1F35FA284D0D41C /* TuistAssets+VideoHelper.swift in Sources */,
				370A8495D1C66CD67367B2EE /* TuistBundle+VideoHelper.swift in Sources */,
				84C47A49FD1E85414EF83F15 /* TuistStrings+VideoHelper.swift in Sources */,
				190C2DB90EC0C40C4734D666 /* ContentView.swift in Sources */,
				9F85B10384F2DCE8839455EA /* Item.swift in Sources */,
				DE3CBB0A2A476C29E6361961 /* ExportPreset.swift in Sources */,
				3847781065CE113FFBF7C7E3 /* TaskStatus.swift in Sources */,
				9640EF7568BB6EF9296E56CD /* VideoTask.swift in Sources */,
				ED12A317B51E17C27B14881F /* NotificationManager.swift in Sources */,
				17E6EE5DF875468B7D2BBFEC /* ValidationError.swift in Sources */,
				6EECD5D473DDBEC171419DD0 /* ValidationService.swift in Sources */,
				61B571AA66877C618732785D /* VideoProcessor.swift in Sources */,
				BC77B392691C3CBD70539FC3 /* VideoHelperApp.swift in Sources */,
				E4148DA9B6EC557DF8BECBAE /* ProcessingQueueViewModel.swift in Sources */,
				54845599426FA9D165A4D33E /* DropZoneView.swift in Sources */,
				1B255F5A4614C69CB70AF4E5 /* QueueItemView.swift in Sources */,
				6D11CC11AD1D80C62532EC21 /* TimeFormatter.swift in Sources */,
			);
			runOnlyForDeploymentPostprocessing = 0;
		};
		F7929D380F20B94E78A7E2DB /* Sources */ = {
			isa = PBXSourcesBuildPhase;
			buildActionMask = 2147483647;
			files = (
				6365E156416A36F47BED2AFA /* VideoHelperTests.swift in Sources */,
			);
			runOnlyForDeploymentPostprocessing = 0;
		};
/* End PBXSourcesBuildPhase section */

/* Begin PBXTargetDependency section */
		2F7D1745ECB0ADA604A706A4 /* PBXTargetDependency */ = {
			isa = PBXTargetDependency;
			name = VideoHelper;
			target = 8E611585A54AD5F1D46E28AC /* VideoHelper */;
			targetProxy = 308BC533717986F9F3E16FA0 /* PBXContainerItemProxy */;
		};
		8B3D6B605B1D707AF1D3773E /* PBXTargetDependency */ = {
			isa = PBXTargetDependency;
			name = VideoHelper;
			target = 8E611585A54AD5F1D46E28AC /* VideoHelper */;
			targetProxy = 5368BBA74AD59E1FEEC2E57A /* PBXContainerItemProxy */;
		};
/* End PBXTargetDependency section */

/* Begin PBXVariantGroup section */
		DAE6CE8423D20823EE324A61 /* Localizable.strings */ = {
			isa = PBXVariantGroup;
			children = (
				D1D395D155484ADD1B34DE48 /* en */,
				A061C0EE9AA8F7B7E7A909E5 /* ru */,
			);
			name = Localizable.strings;
			sourceTree = "<group>";
		};
/* End PBXVariantGroup section */

/* Begin XCBuildConfiguration section */
		0D6303FB6ACA6E7B1B298BB7 /* Debug */ = {
			isa = XCBuildConfiguration;
			baseConfigurationReference = 1BAF57EE6978BB5D2C7A53CE /* VideoHelper-Project.xcconfig */;
			buildSettings = {
				ALWAYS_SEARCH_USER_PATHS = NO;
				CLANG_ANALYZER_LOCALIZABILITY_NONLOCALIZED = YES;
				CLANG_ANALYZER_NONNULL = YES;
				CLANG_ANALYZER_NUMBER_OBJECT_CONVERSION = YES_AGGRESSIVE;
				CLANG_CXX_LANGUAGE_STANDARD = "gnu++14";
				CLANG_CXX_LIBRARY = "libc++";
				CLANG_ENABLE_MODULES = YES;
				CLANG_ENABLE_OBJC_ARC = YES;
				CLANG_ENABLE_OBJC_WEAK = YES;
				CLANG_WARN_BLOCK_CAPTURE_AUTORELEASING = YES;
				CLANG_WARN_BOOL_CONVERSION = YES;
				CLANG_WARN_COMMA = YES;
				CLANG_WARN_CONSTANT_CONVERSION = YES;
				CLANG_WARN_DEPRECATED_OBJC_IMPLEMENTATIONS = YES;
				CLANG_WARN_DIRECT_OBJC_ISA_USAGE = YES_ERROR;
				CLANG_WARN_DOCUMENTATION_COMMENTS = YES;
				CLANG_WARN_EMPTY_BODY = YES;
				CLANG_WARN_ENUM_CONVERSION = YES;
				CLANG_WARN_INFINITE_RECURSION = YES;
				CLANG_WARN_INT_CONVERSION = YES;
				CLANG_WARN_NON_LITERAL_NULL_CONVERSION = YES;
				CLANG_WARN_OBJC_IMPLICIT_RETAIN_SELF = YES;
				CLANG_WARN_OBJC_LITERAL_CONVERSION = YES;
				CLANG_WARN_OBJC_ROOT_CLASS = YES_ERROR;
				CLANG_WARN_QUOTED_INCLUDE_IN_FRAMEWORK_HEADER = YES;
				CLANG_WARN_RANGE_LOOP_ANALYSIS = YES;
				CLANG_WARN_STRICT_PROTOTYPES = YES;
				CLANG_WARN_SUSPICIOUS_MOVE = YES;
				CLANG_WARN_UNGUARDED_AVAILABILITY = YES_AGGRESSIVE;
				CLANG_WARN_UNREACHABLE_CODE = YES;
				CLANG_WARN__DUPLICATE_METHOD_MATCH = YES;
				COPY_PHASE_STRIP = NO;
				DEAD_CODE_STRIPPING = YES;
				DEBUG_INFORMATION_FORMAT = dwarf;
				ENABLE_STRICT_OBJC_MSGSEND = YES;
				ENABLE_TESTABILITY = YES;
				GCC_C_LANGUAGE_STANDARD = gnu11;
				GCC_DYNAMIC_NO_PIC = NO;
				GCC_NO_COMMON_BLOCKS = YES;
				GCC_OPTIMIZATION_LEVEL = 0;
				GCC_PREPROCESSOR_DEFINITIONS = (
					"DEBUG=1",
					"$(inherited)",
				);
				GCC_WARN_64_TO_32_BIT_CONVERSION = YES;
				GCC_WARN_ABOUT_RETURN_TYPE = YES_ERROR;
				GCC_WARN_UNDECLARED_SELECTOR = YES;
				GCC_WARN_UNINITIALIZED_AUTOS = YES_AGGRESSIVE;
				GCC_WARN_UNUSED_FUNCTION = YES;
				GCC_WARN_UNUSED_VARIABLE = YES;
				MTL_ENABLE_DEBUG_INFO = YES;
				ONLY_ACTIVE_ARCH = YES;
				PRODUCT_NAME = "$(TARGET_NAME)";
			};
			name = Debug;
		};
		0F7714E9E6F5AD82A14B0D9A /* Release */ = {
			isa = XCBuildConfiguration;
			baseConfigurationReference = 678CB047148BE2A1B72E8FFB /* VideoHelper-App.xcconfig */;
			buildSettings = {
				ASSETCATALOG_COMPILER_APPICON_NAME = AppIcon;
				ASSETCATALOG_COMPILER_GLOBAL_ACCENT_COLOR_NAME = AccentColor;
				CODE_SIGN_ENTITLEMENTS = VideoHelper/VideoHelper.entitlements;
				CODE_SIGN_IDENTITY = "-";
				COMBINE_HIDPI_IMAGES = YES;
				ENABLE_PREVIEWS = YES;
				INFOPLIST_FILE = "Derived/InfoPlists/VideoHelper-Info.plist";
				LD_RUNPATH_SEARCH_PATHS = (
					"$(inherited)",
					"@executable_path/../Frameworks",
				);
				MACOSX_DEPLOYMENT_TARGET = 14.0;
				PRODUCT_BUNDLE_IDENTIFIER = dev.androidbroadcast.VideoHelper;
				PRODUCT_NAME = VideoHelper;
				SDKROOT = macosx;
				SWIFT_COMPILATION_MODE = wholemodule;
				SWIFT_OPTIMIZATION_LEVEL = "-O";
				SWIFT_VERSION = 5.0;
			};
			name = Release;
		};
		400E0BA1502F819E9DFF839C /* Debug */ = {
			isa = XCBuildConfiguration;
			baseConfigurationReference = 678CB047148BE2A1B72E8FFB /* VideoHelper-App.xcconfig */;
			buildSettings = {
				ASSETCATALOG_COMPILER_APPICON_NAME = AppIcon;
				ASSETCATALOG_COMPILER_GLOBAL_ACCENT_COLOR_NAME = AccentColor;
				CODE_SIGN_ENTITLEMENTS = VideoHelper/VideoHelper.entitlements;
				CODE_SIGN_IDENTITY = "-";
				COMBINE_HIDPI_IMAGES = YES;
				ENABLE_PREVIEWS = YES;
				INFOPLIST_FILE = "Derived/InfoPlists/VideoHelper-Info.plist";
				LD_RUNPATH_SEARCH_PATHS = (
					"$(inherited)",
					"@executable_path/../Frameworks",
				);
				MACOSX_DEPLOYMENT_TARGET = 14.0;
				PRODUCT_BUNDLE_IDENTIFIER = dev.androidbroadcast.VideoHelper;
				PRODUCT_NAME = VideoHelper;
				SDKROOT = macosx;
				SWIFT_ACTIVE_COMPILATION_CONDITIONS = (
					"$(inherited)",
					DEBUG,
				);
				SWIFT_COMPILATION_MODE = singlefile;
				SWIFT_OPTIMIZATION_LEVEL = "-Onone";
				SWIFT_VERSION = 5.0;
			};
			name = Debug;
		};
		64BE6664131A38BEEE7CFA25 /* Debug */ = {
			isa = XCBuildConfiguration;
			baseConfigurationReference = 1AB3B794BB65089FE6C61A90 /* VideoHelper-Tests.xcconfig */;
			buildSettings = {
				BUNDLE_LOADER = "$(TEST_HOST)";
				CODE_SIGN_IDENTITY = "-";
				INFOPLIST_FILE = "Derived/InfoPlists/VideoHelperTests-Info.plist";
				LD_RUNPATH_SEARCH_PATHS = (
					"$(inherited)",
					"@executable_path/../Frameworks",
					"@loader_path/../Frameworks",
				);
				MACOSX_DEPLOYMENT_TARGET = 14.0;
				PRODUCT_BUNDLE_IDENTIFIER = dev.androidbroadcast.VideoHelperTests;
				PRODUCT_NAME = VideoHelperTests;
				SDKROOT = macosx;
				SWIFT_ACTIVE_COMPILATION_CONDITIONS = (
					"$(inherited)",
					DEBUG,
				);
				SWIFT_COMPILATION_MODE = singlefile;
				SWIFT_OPTIMIZATION_LEVEL = "-Onone";
				SWIFT_VERSION = 5.0;
				TEST_HOST = "$(BUILT_PRODUCTS_DIR)/VideoHelper.app/$(BUNDLE_EXECUTABLE_FOLDER_PATH)/VideoHelper";
				TEST_TARGET_NAME = VideoHelper;
			};
			name = Debug;
		};
		86576FEE152CEABFDD73E2D4 /* Release */ = {
			isa = XCBuildConfiguration;
			baseConfigurationReference = 1BAF57EE6978BB5D2C7A53CE /* VideoHelper-Project.xcconfig */;
			buildSettings = {
				ALWAYS_SEARCH_USER_PATHS = NO;
				CLANG_ANALYZER_LOCALIZABILITY_NONLOCALIZED = YES;
				CLANG_ANALYZER_NONNULL = YES;
				CLANG_ANALYZER_NUMBER_OBJECT_CONVERSION = YES_AGGRESSIVE;
				CLANG_CXX_LANGUAGE_STANDARD = "gnu++14";
				CLANG_CXX_LIBRARY = "libc++";
				CLANG_ENABLE_MODULES = YES;
				CLANG_ENABLE_OBJC_ARC = YES;
				CLANG_ENABLE_OBJC_WEAK = YES;
				CLANG_WARN_BLOCK_CAPTURE_AUTORELEASING = YES;
				CLANG_WARN_BOOL_CONVERSION = YES;
				CLANG_WARN_COMMA = YES;
				CLANG_WARN_CONSTANT_CONVERSION = YES;
				CLANG_WARN_DEPRECATED_OBJC_IMPLEMENTATIONS = YES;
				CLANG_WARN_DIRECT_OBJC_ISA_USAGE = YES_ERROR;
				CLANG_WARN_DOCUMENTATION_COMMENTS = YES;
				CLANG_WARN_EMPTY_BODY = YES;
				CLANG_WARN_ENUM_CONVERSION = YES;
				CLANG_WARN_INFINITE_RECURSION = YES;
				CLANG_WARN_INT_CONVERSION = YES;
				CLANG_WARN_NON_LITERAL_NULL_CONVERSION = YES;
				CLANG_WARN_OBJC_IMPLICIT_RETAIN_SELF = YES;
				CLANG_WARN_OBJC_LITERAL_CONVERSION = YES;
				CLANG_WARN_OBJC_ROOT_CLASS = YES_ERROR;
				CLANG_WARN_QUOTED_INCLUDE_IN_FRAMEWORK_HEADER = YES;
				CLANG_WARN_RANGE_LOOP_ANALYSIS = YES;
				CLANG_WARN_STRICT_PROTOTYPES = YES;
				CLANG_WARN_SUSPICIOUS_MOVE = YES;
				CLANG_WARN_UNGUARDED_AVAILABILITY = YES_AGGRESSIVE;
				CLANG_WARN_UNREACHABLE_CODE = YES;
				CLANG_WARN__DUPLICATE_METHOD_MATCH = YES;
				COPY_PHASE_STRIP = NO;
				DEAD_CODE_STRIPPING = YES;
				DEBUG_INFORMATION_FORMAT = "dwarf-with-dsym";
				ENABLE_NS_ASSERTIONS = NO;
				ENABLE_STRICT_OBJC_MSGSEND = YES;
				GCC_C_LANGUAGE_STANDARD = gnu11;
				GCC_NO_COMMON_BLOCKS = YES;
				GCC_WARN_64_TO_32_BIT_CONVERSION = YES;
				GCC_WARN_ABOUT_RETURN_TYPE = YES_ERROR;
				GCC_WARN_UNDECLARED_SELECTOR = YES;
				GCC_WARN_UNINITIALIZED_AUTOS = YES_AGGRESSIVE;
				GCC_WARN_UNUSED_FUNCTION = YES;
				GCC_WARN_UNUSED_VARIABLE = YES;
				MTL_ENABLE_DEBUG_INFO = NO;
				PRODUCT_NAME = "$(TARGET_NAME)";
				VALIDATE_PRODUCT = YES;
			};
			name = Release;
		};
		95858838427BA31FE9730428 /* Release */ = {
			isa = XCBuildConfiguration;
			baseConfigurationReference = 1AB3B794BB65089FE6C61A90 /* VideoHelper-Tests.xcconfig */;
			buildSettings = {
				BUNDLE_LOADER = "$(TEST_HOST)";
				CODE_SIGN_IDENTITY = "-";
				INFOPLIST_FILE = "Derived/InfoPlists/VideoHelperTests-Info.plist";
				LD_RUNPATH_SEARCH_PATHS = (
					"$(inherited)",
					"@executable_path/../Frameworks",
					"@loader_path/../Frameworks",
				);
				MACOSX_DEPLOYMENT_TARGET = 14.0;
				PRODUCT_BUNDLE_IDENTIFIER = dev.androidbroadcast.VideoHelperTests;
				PRODUCT_NAME = VideoHelperTests;
				SDKROOT = macosx;
				SWIFT_COMPILATION_MODE = wholemodule;
				SWIFT_OPTIMIZATION_LEVEL = "-O";
				SWIFT_VERSION = 5.0;
				TEST_HOST = "$(BUILT_PRODUCTS_DIR)/VideoHelper.app/$(BUNDLE_EXECUTABLE_FOLDER_PATH)/VideoHelper";
				TEST_TARGET_NAME = VideoHelper;
			};
			name = Release;
		};
		9D8BA413D9E17337CD4FCF19 /* Debug */ = {
			isa = XCBuildConfiguration;
			baseConfigurationReference = 01BB51E1222F34AA8121450E /* VideoHelper-UITests.xcconfig */;
			buildSettings = {
				CODE_SIGN_IDENTITY = "-";
				INFOPLIST_FILE = "Derived/InfoPlists/VideoHelperUITests-Info.plist";
				LD_RUNPATH_SEARCH_PATHS = (
					"$(inherited)",
					"@executable_path/../Frameworks",
					"@loader_path/../Frameworks",
				);
				MACOSX_DEPLOYMENT_TARGET = 14.0;
				PRODUCT_BUNDLE_IDENTIFIER = dev.androidbroadcast.VideoHelperUITests;
				PRODUCT_NAME = VideoHelperUITests;
				SDKROOT = macosx;
				SWIFT_ACTIVE_COMPILATION_CONDITIONS = (
					"$(inherited)",
					DEBUG,
				);
				SWIFT_COMPILATION_MODE = singlefile;
				SWIFT_OPTIMIZATION_LEVEL = "-Onone";
				SWIFT_STRICT_CONCURRENCY = minimal;
				SWIFT_VERSION = 5.0;
				TEST_TARGET_NAME = VideoHelper;
			};
			name = Debug;
		};
		C0F4630E2D3D3EEC352743F5 /* Release */ = {
			isa = XCBuildConfiguration;
			baseConfigurationReference = 01BB51E1222F34AA8121450E /* VideoHelper-UITests.xcconfig */;
			buildSettings = {
				CODE_SIGN_IDENTITY = "-";
				INFOPLIST_FILE = "Derived/InfoPlists/VideoHelperUITests-Info.plist";
				LD_RUNPATH_SEARCH_PATHS = (
					"$(inherited)",
					"@executable_path/../Frameworks",
					"@loader_path/../Frameworks",
				);
				MACOSX_DEPLOYMENT_TARGET = 14.0;
				PRODUCT_BUNDLE_IDENTIFIER = dev.androidbroadcast.VideoHelperUITests;
				PRODUCT_NAME = VideoHelperUITests;
				SDKROOT = macosx;
				SWIFT_COMPILATION_MODE = wholemodule;
				SWIFT_OPTIMIZATION_LEVEL = "-O";
				SWIFT_STRICT_CONCURRENCY = minimal;
				SWIFT_VERSION = 5.0;
				TEST_TARGET_NAME = VideoHelper;
			};
			name = Release;
		};
/* End XCBuildConfiguration section */

/* Begin XCConfigurationList section */
		297F7FB962810B69519EE002 /* Build configuration list for PBXNativeTarget "VideoHelperTests" */ = {
			isa = XCConfigurationList;
			buildConfigurations = (
				64BE6664131A38BEEE7CFA25 /* Debug */,
				95858838427BA31FE9730428 /* Release */,
			);
			defaultConfigurationIsVisible = 0;
			defaultConfigurationName = Release;
		};
		4F2D4BCCC0EAB798EC729F9B /* Build configuration list for PBXNativeTarget "VideoHelperUITests" */ = {
			isa = XCConfigurationList;
			buildConfigurations = (
				9D8BA413D9E17337CD4FCF19 /* Debug */,
				C0F4630E2D3D3EEC352743F5 /* Release */,
			);
			defaultConfigurationIsVisible = 0;
			defaultConfigurationName = Release;
		};
		BC269E7FE934ABF5331F37F8 /* Build configuration list for PBXProject "VideoHelper" */ = {
			isa = XCConfigurationList;
			buildConfigurations = (
				0D6303FB6ACA6E7B1B298BB7 /* Debug */,
				86576FEE152CEABFDD73E2D4 /* Release */,
			);
			defaultConfigurationIsVisible = 0;
			defaultConfigurationName = Release;
		};
		CD8A90AA2A865D32F005373E /* Build configuration list for PBXNativeTarget "VideoHelper" */ = {
			isa = XCConfigurationList;
			buildConfigurations = (
				400E0BA1502F819E9DFF839C /* Debug */,
				0F7714E9E6F5AD82A14B0D9A /* Release */,
			);
			defaultConfigurationIsVisible = 0;
			defaultConfigurationName = Release;
		};
/* End XCConfigurationList section */
	};
	rootObject = 236B2ADD2FBB91E7A7475E8B /* Project object */;
}
